
Microsoft Visual Studio Solution File, Format Version 12.00
# Visual Studio Version 17
VisualStudioVersion = 17.0.32014.148
MinimumVisualStudioVersion = 10.0.40219.1
Project("{9A19103F-16F7-4668-BE54-9A1E7A4F7556}") = "paste.bin.ingest.cmd", "paste.bin.ingest.cmd\paste.bin.ingest.cmd.csproj", "{84ADA15D-CD1E-4481-8D04-2399F29AA027}"
EndProject
Project("{9A19103F-16F7-4668-BE54-9A1E7A4F7556}") = "paste.bin.ingest.api", "paste.bin.ingest.api\paste.bin.ingest.api.csproj", "{C7596EF2-1349-44D8-9AC6-3752BF7700C0}"
EndProject
Project("{9A19103F-16F7-4668-BE54-9A1E7A4F7556}") = "paste.bin.ingest.scripts", "paste.bin.ingest.scripts\paste.bin.ingest.scripts.csproj", "{FDE74BC1-F1AA-4A29-9586-BC24FD4912EF}"
EndProject
Project("{9A19103F-16F7-4668-BE54-9A1E7A4F7556}") = "paste.bin.ingest.core", "paste.bin.ingest.core\paste.bin.ingest.core.csproj", "{3721A829-FED8-4F65-989B-642178E40BEB}"
EndProject
Project("{9A19103F-16F7-4668-BE54-9A1E7A4F7556}") = "paste.bin.ingest.tests", "paste.bin.ingest.tests\paste.bin.ingest.tests.csproj", "{C253CBF3-E533-4B4B-8901-F46DE0AD5364}"
EndProject
Project("{2150E333-8FDC-42A3-9474-1A3956D46DE8}") = "paste.bin.ingest.docs", "paste.bin.ingest.docs", "{8FA1E25F-53A9-4DDF-BE11-732853A7A681}"
	ProjectSection(SolutionItems) = preProject
		CHANGELOG.md = CHANGELOG.md
		LICENSE = LICENSE
		README.md = README.md
		TODO.md = TODO.md
		VERSION = VERSION
	EndProjectSection
EndProject
Global
	GlobalSection(SolutionConfigurationPlatforms) = preSolution
		Debug|Any CPU = Debug|Any CPU
		Release|Any CPU = Release|Any CPU
	EndGlobalSection
	GlobalSection(ProjectConfigurationPlatforms) = postSolution
		{84ADA15D-CD1E-4481-8D04-2399F29AA027}.Debug|Any CPU.ActiveCfg = Debug|Any CPU
		{84ADA15D-CD1E-4481-8D04-2399F29AA027}.Debug|Any CPU.Build.0 = Debug|Any CPU
		{84ADA15D-CD1E-4481-8D04-2399F29AA027}.Release|Any CPU.ActiveCfg = Release|Any CPU
		{84ADA15D-CD1E-4481-8D04-2399F29AA027}.Release|Any CPU.Build.0 = Release|Any CPU
		{C7596EF2-1349-44D8-9AC6-3752BF7700C0}.Debug|Any CPU.ActiveCfg = Debug|Any CPU
		{C7596EF2-1349-44D8-9AC6-3752BF7700C0}.Debug|Any CPU.Build.0 = Debug|Any CPU
		{C7596EF2-1349-44D8-9AC6-3752BF7700C0}.Release|Any CPU.ActiveCfg = Release|Any CPU
		{C7596EF2-1349-44D8-9AC6-3752BF7700C0}.Release|Any CPU.Build.0 = Release|Any CPU
		{FDE74BC1-F1AA-4A29-9586-BC24FD4912EF}.Debug|Any CPU.ActiveCfg = Debug|Any CPU
		{FDE74BC1-F1AA-4A29-9586-BC24FD4912EF}.Debug|Any CPU.Build.0 = Debug|Any CPU
		{FDE74BC1-F1AA-4A29-9586-BC24FD4912EF}.Release|Any CPU.ActiveCfg = Release|Any CPU
		{FDE74BC1-F1AA-4A29-9586-BC24FD4912EF}.Release|Any CPU.Build.0 = Release|Any CPU
		{3721A829-FED8-4F65-989B-642178E40BEB}.Debug|Any CPU.ActiveCfg = Debug|Any CPU
		{3721A829-FED8-4F65-989B-642178E40BEB}.Debug|Any CPU.Build.0 = Debug|Any CPU
		{3721A829-FED8-4F65-989B-642178E40BEB}.Release|Any CPU.ActiveCfg = Release|Any CPU
		{3721A829-FED8-4F65-989B-642178E40BEB}.Release|Any CPU.Build.0 = Release|Any CPU
		{C253CBF3-E533-4B4B-8901-F46DE0AD5364}.Debug|Any CPU.ActiveCfg = Debug|Any CPU
		{C253CBF3-E533-4B4B-8901-F46DE0AD5364}.Debug|Any CPU.Build.0 = Debug|Any CPU
		{C253CBF3-E533-4B4B-8901-F46DE0AD5364}.Release|Any CPU.ActiveCfg = Release|Any CPU
		{C253CBF3-E533-4B4B-8901-F46DE0AD5364}.Release|Any CPU.Build.0 = Release|Any CPU
	EndGlobalSection
	GlobalSection(SolutionProperties) = preSolution
		HideSolutionNode = FALSE
	EndGlobalSection
	GlobalSection(ExtensibilityGlobals) = postSolution
		SolutionGuid = {35F2CB71-C865-4D4C-AF4B-9B93062C099A}
	EndGlobalSection
EndGlobal
